
Microsoft Visual Studio Solution File, Format Version 12.00
# Visual Studio Version 17
VisualStudioVersion = 17.2.32616.157
MinimumVisualStudioVersion = 10.0.40219.1
Project("{9A19103F-16F7-4668-BE54-9A1E7A4F7556}") = "Bazart.API", "Bazart.API.csproj", "{658C56FE-45DC-49F5-8189-53865A2F3EB0}"
EndProject
Project("{9A19103F-16F7-4668-BE54-9A1E7A4F7556}") = "Bazart.DataAccess", "..\Bazart.DataAccess\Bazart.DataAccess.csproj", "{EE8F9A1A-E4F3-4A02-A715-F434531FFD32}"
EndProject
Project("{9A19103F-16F7-4668-BE54-9A1E7A4F7556}") = "Bazart.Models", "..\Bazart.Models\Bazart.Models.csproj", "{FE3B7744-280E-4417-890F-54542B9E950B}"
EndProject
Project("{9A19103F-16F7-4668-BE54-9A1E7A4F7556}") = "Bazart.Utility", "..\Bazart.Utility\Bazart.Utility.csproj", "{BF40AFD2-A43A-4994-96FE-53F7163F0332}"
EndProject
Global
	GlobalSection(SolutionConfigurationPlatforms) = preSolution
		Debug|Any CPU = Debug|Any CPU
		Release|Any CPU = Release|Any CPU
	EndGlobalSection
	GlobalSection(ProjectConfigurationPlatforms) = postSolution
		{658C56FE-45DC-49F5-8189-53865A2F3EB0}.Debug|Any CPU.ActiveCfg = Debug|Any CPU
		{658C56FE-45DC-49F5-8189-53865A2F3EB0}.Debug|Any CPU.Build.0 = Debug|Any CPU
		{658C56FE-45DC-49F5-8189-53865A2F3EB0}.Release|Any CPU.ActiveCfg = Release|Any CPU
		{658C56FE-45DC-49F5-8189-53865A2F3EB0}.Release|Any CPU.Build.0 = Release|Any CPU
		{EE8F9A1A-E4F3-4A02-A715-F434531FFD32}.Debug|Any CPU.ActiveCfg = Debug|Any CPU
		{EE8F9A1A-E4F3-4A02-A715-F434531FFD32}.Debug|Any CPU.Build.0 = Debug|Any CPU
		{EE8F9A1A-E4F3-4A02-A715-F434531FFD32}.Release|Any CPU.ActiveCfg = Release|Any CPU
		{EE8F9A1A-E4F3-4A02-A715-F434531FFD32}.Release|Any CPU.Build.0 = Release|Any CPU
		{FE3B7744-280E-4417-890F-54542B9E950B}.Debug|Any CPU.ActiveCfg = Debug|Any CPU
		{FE3B7744-280E-4417-890F-54542B9E950B}.Debug|Any CPU.Build.0 = Debug|Any CPU
		{FE3B7744-280E-4417-890F-54542B9E950B}.Release|Any CPU.ActiveCfg = Release|Any CPU
		{FE3B7744-280E-4417-890F-54542B9E950B}.Release|Any CPU.Build.0 = Release|Any CPU
		{BF40AFD2-A43A-4994-96FE-53F7163F0332}.Debug|Any CPU.ActiveCfg = Debug|Any CPU
		{BF40AFD2-A43A-4994-96FE-53F7163F0332}.Debug|Any CPU.Build.0 = Debug|Any CPU
		{BF40AFD2-A43A-4994-96FE-53F7163F0332}.Release|Any CPU.ActiveCfg = Release|Any CPU
		{BF40AFD2-A43A-4994-96FE-53F7163F0332}.Release|Any CPU.Build.0 = Release|Any CPU
	EndGlobalSection
	GlobalSection(SolutionProperties) = preSolution
		HideSolutionNode = FALSE
	EndGlobalSection
	GlobalSection(ExtensibilityGlobals) = postSolution
		SolutionGuid = {42ED0304-ED5E-4654-BE98-9A615242256C}
	EndGlobalSection
EndGlobal
